<?xml version="1.0" encoding="utf-8"?>
<Project ToolsVersion="4.0" xmlns="http://schemas.microsoft.com/developer/msbuild/2003">
  <ItemGroup>
    <ClCompile Include="CardDAO.cpp">
      <Filter>Data</Filter>
    </ClCompile>
    <ClCompile Include="GamePieces.cpp">
      <Filter>Data</Filter>
    </ClCompile>
    <ClCompile Include="Hand.cpp">
      <Filter>Entities\Abstract</Filter>
    </ClCompile>
    <ClCompile Include="Player.cpp">
      <Filter>Entities\Abstract</Filter>
    </ClCompile>
    <ClCompile Include="Board.cpp">
      <Filter>Entities\Abstract</Filter>
    </ClCompile>
    <ClCompile Include="Deck.cpp">
      <Filter>Entities\Game Pieces</Filter>
    </ClCompile>
    <ClCompile Include="ExpansionCard.cpp">
      <Filter>Entities\Game Pieces</Filter>
    </ClCompile>
    <ClCompile Include="ICard.cpp">
      <Filter>Entities\Game Pieces</Filter>
    </ClCompile>
    <ClCompile Include="IToken.cpp">
      <Filter>Entities\Game Pieces</Filter>
    </ClCompile>
    <ClCompile Include="NobleCard.cpp">
      <Filter>Entities\Game Pieces</Filter>
    </ClCompile>
    <ClCompile Include="Token.cpp">
      <Filter>Entities\Game Pieces</Filter>
    </ClCompile>
    <ClCompile Include="UICard.cpp">
      <Filter>GUI\Game Pieces</Filter>
    </ClCompile>
    <ClCompile Include="UIToken.cpp">
      <Filter>GUI\Game Pieces</Filter>
    </ClCompile>
    <ClCompile Include="UIResource.cpp">
      <Filter>GUI\Game Pieces</Filter>
    </ClCompile>
    <ClCompile Include="UISelectedCard.cpp">
      <Filter>GUI\Game Pieces</Filter>
    </ClCompile>
    <ClCompile Include="UIPreGameSession.cpp">
      <Filter>GUI\Sessions</Filter>
    </ClCompile>
    <ClCompile Include="UIMainMenuSession.cpp">
      <Filter>GUI\Sessions</Filter>
    </ClCompile>
    <ClCompile Include="UIGameSession.cpp">
      <Filter>GUI\Sessions</Filter>
    </ClCompile>
    <ClCompile Include="UIButton.cpp">
      <Filter>GUI\Primitives</Filter>
    </ClCompile>
    <ClCompile Include="UISelectorBox.cpp">
      <Filter>GUI\Primitives</Filter>
    </ClCompile>
    <ClCompile Include="UISelector.cpp">
      <Filter>GUI\Primitives</Filter>
    </ClCompile>
    <ClCompile Include="UIText.cpp">
      <Filter>GUI\Primitives</Filter>
    </ClCompile>
    <ClCompile Include="UIVTokensPanel.cpp">
      <Filter>GUI\Panels</Filter>
    </ClCompile>
    <ClCompile Include="UITokenAlertPanel.cpp">
      <Filter>GUI\Panels</Filter>
    </ClCompile>
    <ClCompile Include="UIPlayersPanel.cpp">
      <Filter>GUI\Panels</Filter>
    </ClCompile>
    <ClCompile Include="UIPlayerPanel.cpp">
      <Filter>GUI\Panels</Filter>
    </ClCompile>
    <ClCompile Include="UIOptionsPanel.cpp">
      <Filter>GUI\Panels</Filter>
    </ClCompile>
    <ClCompile Include="UIInfoPanel.cpp">
      <Filter>GUI\Panels</Filter>
    </ClCompile>
    <ClCompile Include="UIHTokensPanel.cpp">
      <Filter>GUI\Panels</Filter>
    </ClCompile>
    <ClCompile Include="UIHResourcesPanel.cpp">
      <Filter>GUI\Panels</Filter>
    </ClCompile>
    <ClCompile Include="UIHandPanel.cpp">
      <Filter>GUI\Panels</Filter>
    </ClCompile>
    <ClCompile Include="UICardsRowPanel.cpp">
      <Filter>GUI\Panels</Filter>
    </ClCompile>
    <ClCompile Include="SessionsManager.cpp">
      <Filter>Main</Filter>
    </ClCompile>
    <ClCompile Include="Splendor.cpp">
      <Filter>Main</Filter>
    </ClCompile>
    <ClCompile Include="Network.cpp">
      <Filter>Network</Filter>
    </ClCompile>
    <ClCompile Include="CircCollider.cpp">
      <Filter>Utility\Colliders</Filter>
    </ClCompile>
    <ClCompile Include="Collider.cpp">
      <Filter>Utility\Colliders</Filter>
    </ClCompile>
    <ClCompile Include="RectCollider.cpp">
      <Filter>Utility\Colliders</Filter>
    </ClCompile>
    <ClCompile Include="Randomizer.cpp">
      <Filter>Utility</Filter>
    </ClCompile>
    <ClCompile Include="PregameSetup.cpp">
      <Filter>Pregame</Filter>
    </ClCompile>
    <ClCompile Include="UITutorialSession.cpp">
      <Filter>GUI\Sessions</Filter>
    </ClCompile>
    <ClCompile Include="UIPanel.cpp">
      <Filter>GUI\Panels</Filter>
    </ClCompile>
    <ClCompile Include="SoundSystem.cpp">
      <Filter>Utility</Filter>
    </ClCompile>
    <ClCompile Include="NetworkPacket.cpp">
      <Filter>Network</Filter>
    </ClCompile>
    <ClCompile Include="UILeaderboardSession.cpp">
      <Filter>GUI\Sessions</Filter>
    </ClCompile>
    <ClCompile Include="UISettingsSession.cpp">
      <Filter>GUI\Sessions</Filter>
    </ClCompile>
  </ItemGroup>
  <ItemGroup>
    <ClInclude Include="rapidxml.hpp">
      <Filter>Data\RapidXML</Filter>
    </ClInclude>
    <ClInclude Include="rapidxml_iterators.hpp">
      <Filter>Data\RapidXML</Filter>
    </ClInclude>
    <ClInclude Include="rapidxml_print.hpp">
      <Filter>Data\RapidXML</Filter>
    </ClInclude>
    <ClInclude Include="rapidxml_utils.hpp">
      <Filter>Data\RapidXML</Filter>
    </ClInclude>
    <ClInclude Include="CardDAO.h">
      <Filter>Data</Filter>
    </ClInclude>
    <ClInclude Include="GamePieces.h">
      <Filter>Data</Filter>
    </ClInclude>
    <ClInclude Include="Hand.h">
      <Filter>Entities\Abstract</Filter>
    </ClInclude>
    <ClInclude Include="Player.h">
      <Filter>Entities\Abstract</Filter>
    </ClInclude>
    <ClInclude Include="Board.h">
      <Filter>Entities\Abstract</Filter>
    </ClInclude>
    <ClInclude Include="Deck.h">
      <Filter>Entities\Game Pieces</Filter>
    </ClInclude>
    <ClInclude Include="ExpansionCard.h">
      <Filter>Entities\Game Pieces</Filter>
    </ClInclude>
    <ClInclude Include="ICard.h">
      <Filter>Entities\Game Pieces</Filter>
    </ClInclude>
    <ClInclude Include="IToken.h">
      <Filter>Entities\Game Pieces</Filter>
    </ClInclude>
    <ClInclude Include="NobleCard.h">
      <Filter>Entities\Game Pieces</Filter>
    </ClInclude>
    <ClInclude Include="Token.h">
      <Filter>Entities\Game Pieces</Filter>
    </ClInclude>
    <ClInclude Include="UICard.h">
      <Filter>GUI\Game Pieces</Filter>
    </ClInclude>
    <ClInclude Include="UIToken.h">
      <Filter>GUI\Game Pieces</Filter>
    </ClInclude>
    <ClInclude Include="UIResource.h">
      <Filter>GUI\Game Pieces</Filter>
    </ClInclude>
    <ClInclude Include="UISelectedCard.h">
      <Filter>GUI\Game Pieces</Filter>
    </ClInclude>
    <ClInclude Include="UIPreGameSession.h">
      <Filter>GUI\Sessions</Filter>
    </ClInclude>
    <ClInclude Include="UIMainMenuSession.h">
      <Filter>GUI\Sessions</Filter>
    </ClInclude>
    <ClInclude Include="UIGameSession.h">
      <Filter>GUI\Sessions</Filter>
    </ClInclude>
    <ClInclude Include="UIButton.h">
      <Filter>GUI\Primitives</Filter>
    </ClInclude>
    <ClInclude Include="UIColors.h">
      <Filter>GUI\Primitives</Filter>
    </ClInclude>
    <ClInclude Include="UISelectorBox.h">
      <Filter>GUI\Primitives</Filter>
    </ClInclude>
    <ClInclude Include="UISelector.h">
      <Filter>GUI\Primitives</Filter>
    </ClInclude>
    <ClInclude Include="UIText.h">
      <Filter>GUI\Primitives</Filter>
    </ClInclude>
    <ClInclude Include="UIVTokensPanel.h">
      <Filter>GUI\Panels</Filter>
    </ClInclude>
    <ClInclude Include="UITokenAlertPanel.h">
      <Filter>GUI\Panels</Filter>
    </ClInclude>
    <ClInclude Include="UIPlayersPanel.h">
      <Filter>GUI\Panels</Filter>
    </ClInclude>
    <ClInclude Include="UIPlayerPanel.h">
      <Filter>GUI\Panels</Filter>
    </ClInclude>
    <ClInclude Include="UIOptionsPanel.h">
      <Filter>GUI\Panels</Filter>
    </ClInclude>
    <ClInclude Include="UIInfoPanel.h">
      <Filter>GUI\Panels</Filter>
    </ClInclude>
    <ClInclude Include="UIHTokensPanel.h">
      <Filter>GUI\Panels</Filter>
    </ClInclude>
    <ClInclude Include="UIHResourcesPanel.h">
      <Filter>GUI\Panels</Filter>
    </ClInclude>
    <ClInclude Include="UIHandPanel.h">
      <Filter>GUI\Panels</Filter>
    </ClInclude>
    <ClInclude Include="UICardsRowPanel.h">
      <Filter>GUI\Panels</Filter>
    </ClInclude>
    <ClInclude Include="SessionsManager.h">
      <Filter>Main</Filter>
    </ClInclude>
    <ClInclude Include="Network.h">
      <Filter>Network</Filter>
    </ClInclude>
    <ClInclude Include="CircCollider.h">
      <Filter>Utility\Colliders</Filter>
    </ClInclude>
    <ClInclude Include="Collider.h">
      <Filter>Utility\Colliders</Filter>
    </ClInclude>
    <ClInclude Include="RectCollider.h">
      <Filter>Utility\Colliders</Filter>
    </ClInclude>
    <ClInclude Include="Randomizer.h">
      <Filter>Utility</Filter>
    </ClInclude>
    <ClInclude Include="PregameSetup.h">
      <Filter>Pregame</Filter>
    </ClInclude>
    <ClInclude Include="UITutorialSession.h">
      <Filter>GUI\Sessions</Filter>
    </ClInclude>
    <ClInclude Include="UIPanel.h">
      <Filter>GUI\Panels</Filter>
    </ClInclude>
    <ClInclude Include="SoundSystem.h">
      <Filter>Utility</Filter>
    </ClInclude>
    <ClInclude Include="NetworkPacket.h">
      <Filter>Network</Filter>
    </ClInclude>
    <ClInclude Include="UILeaderboardSession.h">
      <Filter>GUI\Sessions</Filter>
    </ClInclude>
    <ClInclude Include="UISettingsSession.h">
      <Filter>GUI\Sessions</Filter>
    </ClInclude>
  </ItemGroup>
  <ItemGroup>
    <Filter Include="Data">
      <UniqueIdentifier>{7fbf9e86-fd6e-4a63-bdfc-5144cd6d5812}</UniqueIdentifier>
    </Filter>
    <Filter Include="Data\RapidXML">
      <UniqueIdentifier>{483cebd2-48fa-423e-b31c-632d610ebe59}</UniqueIdentifier>
    </Filter>
    <Filter Include="Entities">
      <UniqueIdentifier>{2b247f05-f960-442b-98b0-c053e091d3e9}</UniqueIdentifier>
    </Filter>
    <Filter Include="Entities\Abstract">
      <UniqueIdentifier>{a9c8b880-88b6-4001-bb75-ad0f8cdae974}</UniqueIdentifier>
    </Filter>
    <Filter Include="Entities\Game Pieces">
      <UniqueIdentifier>{a3d31fb1-d442-4bc5-94d7-cc0c3e10b8f4}</UniqueIdentifier>
    </Filter>
    <Filter Include="GUI">
      <UniqueIdentifier>{13f83d32-e71c-4212-b853-e142b51e4257}</UniqueIdentifier>
    </Filter>
    <Filter Include="GUI\Game Pieces">
      <UniqueIdentifier>{6cfa8a4b-6f1d-4fe3-96de-54c2ed67b147}</UniqueIdentifier>
    </Filter>
    <Filter Include="GUI\Panels">
      <UniqueIdentifier>{04b9cef0-674c-4c4c-bfb6-9201671fdc2e}</UniqueIdentifier>
    </Filter>
    <Filter Include="GUI\Primitives">
      <UniqueIdentifier>{440d6a8c-4671-4292-8cdb-1e04d927223c}</UniqueIdentifier>
    </Filter>
    <Filter Include="GUI\Sessions">
      <UniqueIdentifier>{16fbf69f-836b-40f4-be99-6a6072fddf15}</UniqueIdentifier>
    </Filter>
    <Filter Include="Main">
      <UniqueIdentifier>{fff874e3-364d-4106-b4ca-baf1c2a6253b}</UniqueIdentifier>
    </Filter>
    <Filter Include="Network">
      <UniqueIdentifier>{62e6eb97-6d05-4040-bfd8-1333ff1797da}</UniqueIdentifier>
    </Filter>
    <Filter Include="Pregame">
      <UniqueIdentifier>{5abd92e7-40ab-437e-bbfd-da5af92b58ff}</UniqueIdentifier>
    </Filter>
    <Filter Include="Utility">
      <UniqueIdentifier>{6ef10781-aa28-4cbc-8967-6dc4d5e221ea}</UniqueIdentifier>
    </Filter>
    <Filter Include="Utility\Colliders">
      <UniqueIdentifier>{70db4b02-b81a-4f91-ab6d-09e95b47b45b}</UniqueIdentifier>
    </Filter>
  </ItemGroup>
  <ItemGroup>
    <Xml Include="..\external\Cards Database\CardsDatabase.xml">
      <Filter>Data</Filter>
    </Xml>
  </ItemGroup>
</Project>